// !$*UTF8*$!
{
	archiveVersion = 1;
	classes = {
	};
	objectVersion = 56;
	objects = {

/* Begin PBXBuildFile section */
		C79684452A93E19F002DFFA8 /* ThirdVC.swift in Sources */ = {isa = PBXBuildFile; fileRef = C79684432A93E19F002DFFA8 /* ThirdVC.swift */; };
		C79684462A93E19F002DFFA8 /* ThirdVC.xib in Resources */ = {isa = PBXBuildFile; fileRef = C79684442A93E19F002DFFA8 /* ThirdVC.xib */; };
		C796844C2A93ED23002DFFA8 /* SecondStoryboard.storyboard in Resources */ = {isa = PBXBuildFile; fileRef = C796844B2A93ED23002DFFA8 /* SecondStoryboard.storyboard */; };
		C796844E2A93EDC8002DFFA8 /* FourthVC.swift in Sources */ = {isa = PBXBuildFile; fileRef = C796844D2A93EDC8002DFFA8 /* FourthVC.swift */; };
		C7BD53012A92944F00EBF61C /* AppDelegate.swift in Sources */ = {isa = PBXBuildFile; fileRef = C7BD53002A92944F00EBF61C /* AppDelegate.swift */; };
		C7BD53032A92944F00EBF61C /* SceneDelegate.swift in Sources */ = {isa = PBXBuildFile; fileRef = C7BD53022A92944F00EBF61C /* SceneDelegate.swift */; };
		C7BD53082A92944F00EBF61C /* Main.storyboard in Resources */ = {isa = PBXBuildFile; fileRef = C7BD53062A92944F00EBF61C /* Main.storyboard */; };
		C7BD530A2A92945100EBF61C /* Assets.xcassets in Resources */ = {isa = PBXBuildFile; fileRef = C7BD53092A92945100EBF61C /* Assets.xcassets */; };
		C7BD530D2A92945100EBF61C /* LaunchScreen.storyboard in Resources */ = {isa = PBXBuildFile; fileRef = C7BD530B2A92945100EBF61C /* LaunchScreen.storyboard */; };
		C7D1CCAC2A92A91400B2D49D /* FirstVC.swift in Sources */ = {isa = PBXBuildFile; fileRef = C7D1CCAB2A92A91400B2D49D /* FirstVC.swift */; };
		C7D1CCAE2A92A92A00B2D49D /* SecondVC.swift in Sources */ = {isa = PBXBuildFile; fileRef = C7D1CCAD2A92A92A00B2D49D /* SecondVC.swift */; };
/* End PBXBuildFile section */

/* Begin PBXFileReference section */
		C79684432A93E19F002DFFA8 /* ThirdVC.swift */ = {isa = PBXFileReference; lastKnownFileType = sourcecode.swift; path = ThirdVC.swift; sourceTree = "<group>"; };
		C79684442A93E19F002DFFA8 /* ThirdVC.xib */ = {isa = PBXFileReference; lastKnownFileType = file.xib; name = ThirdVC.xib; path = ../Controllers/ThirdVC.xib; sourceTree = "<group>"; };
		C796844B2A93ED23002DFFA8 /* SecondStoryboard.storyboard */ = {isa = PBXFileReference; lastKnownFileType = file.storyboard; path = SecondStoryboard.storyboard; sourceTree = "<group>"; };
		C796844D2A93EDC8002DFFA8 /* FourthVC.swift */ = {isa = PBXFileReference; lastKnownFileType = sourcecode.swift; path = FourthVC.swift; sourceTree = "<group>"; };
		C7BD52FD2A92944F00EBF61C /* HomeWork14.app */ = {isa = PBXFileReference; explicitFileType = wrapper.application; includeInIndex = 0; path = HomeWork14.app; sourceTree = BUILT_PRODUCTS_DIR; };
		C7BD53002A92944F00EBF61C /* AppDelegate.swift */ = {isa = PBXFileReference; lastKnownFileType = sourcecode.swift; path = AppDelegate.swift; sourceTree = "<group>"; };
		C7BD53022A92944F00EBF61C /* SceneDelegate.swift */ = {isa = PBXFileReference; lastKnownFileType = sourcecode.swift; path = SceneDelegate.swift; sourceTree = "<group>"; };
		C7BD53072A92944F00EBF61C /* Base */ = {isa = PBXFileReference; lastKnownFileType = file.storyboard; name = Base; path = Base.lproj/Main.storyboard; sourceTree = "<group>"; };
		C7BD53092A92945100EBF61C /* Assets.xcassets */ = {isa = PBXFileReference; lastKnownFileType = folder.assetcatalog; path = Assets.xcassets; sourceTree = "<group>"; };
		C7BD530C2A92945100EBF61C /* Base */ = {isa = PBXFileReference; lastKnownFileType = file.storyboard; name = Base; path = Base.lproj/LaunchScreen.storyboard; sourceTree = "<group>"; };
		C7BD530E2A92945100EBF61C /* Info.plist */ = {isa = PBXFileReference; lastKnownFileType = text.plist.xml; path = Info.plist; sourceTree = "<group>"; };
		C7D1CCAB2A92A91400B2D49D /* FirstVC.swift */ = {isa = PBXFileReference; lastKnownFileType = sourcecode.swift; path = FirstVC.swift; sourceTree = "<group>"; };
		C7D1CCAD2A92A92A00B2D49D /* SecondVC.swift */ = {isa = PBXFileReference; lastKnownFileType = sourcecode.swift; path = SecondVC.swift; sourceTree = "<group>"; };
/* End PBXFileReference section */

/* Begin PBXFrameworksBuildPhase section */
		C7BD52FA2A92944F00EBF61C /* Frameworks */ = {
			isa = PBXFrameworksBuildPhase;
			buildActionMask = 2147483647;
			files = (
			);
			runOnlyForDeploymentPostprocessing = 0;
		};
/* End PBXFrameworksBuildPhase section */

/* Begin PBXGroup section */
		C7BD52F42A92944F00EBF61C = {
			isa = PBXGroup;
			children = (
				C7BD52FF2A92944F00EBF61C /* HomeWork14 */,
				C7BD52FE2A92944F00EBF61C /* Products */,
			);
			sourceTree = "<group>";
		};
		C7BD52FE2A92944F00EBF61C /* Products */ = {
			isa = PBXGroup;
			children = (
				C7BD52FD2A92944F00EBF61C /* HomeWork14.app */,
			);
			name = Products;
			sourceTree = "<group>";
		};
		C7BD52FF2A92944F00EBF61C /* HomeWork14 */ = {
			isa = PBXGroup;
			children = (
				C7D1CCAA2A9298E500B2D49D /* Controllers */,
				C7D1CCA92A9298C700B2D49D /* Views */,
				C7BD53092A92945100EBF61C /* Assets.xcassets */,
				C7BD530E2A92945100EBF61C /* Info.plist */,
				C7D1CCA82A9298AD00B2D49D /* App */,
			);
			path = HomeWork14;
			sourceTree = "<group>";
		};
		C7D1CCA82A9298AD00B2D49D /* App */ = {
			isa = PBXGroup;
			children = (
				C7BD53002A92944F00EBF61C /* AppDelegate.swift */,
				C7BD53022A92944F00EBF61C /* SceneDelegate.swift */,
			);
			path = App;
			sourceTree = "<group>";
		};
		C7D1CCA92A9298C700B2D49D /* Views */ = {
			isa = PBXGroup;
			children = (
				C7BD53062A92944F00EBF61C /* Main.storyboard */,
				C79684442A93E19F002DFFA8 /* ThirdVC.xib */,
				C796844B2A93ED23002DFFA8 /* SecondStoryboard.storyboard */,
				C7BD530B2A92945100EBF61C /* LaunchScreen.storyboard */,
			);
			path = Views;
			sourceTree = "<group>";
		};
		C7D1CCAA2A9298E500B2D49D /* Controllers */ = {
			isa = PBXGroup;
			children = (
				C7D1CCAB2A92A91400B2D49D /* FirstVC.swift */,
				C7D1CCAD2A92A92A00B2D49D /* SecondVC.swift */,
				C79684432A93E19F002DFFA8 /* ThirdVC.swift */,
				C796844D2A93EDC8002DFFA8 /* FourthVC.swift */,
			);
			path = Controllers;
			sourceTree = "<group>";
		};
/* End PBXGroup section */

/* Begin PBXNativeTarget section */
		C7BD52FC2A92944F00EBF61C /* HomeWork14 */ = {
			isa = PBXNativeTarget;
			buildConfigurationList = C7BD53112A92945100EBF61C /* Build configuration list for PBXNativeTarget "HomeWork14" */;
			buildPhases = (
				C7BD52F92A92944F00EBF61C /* Sources */,
				C7BD52FA2A92944F00EBF61C /* Frameworks */,
				C7BD52FB2A92944F00EBF61C /* Resources */,
			);
			buildRules = (
			);
			dependencies = (
			);
			name = HomeWork14;
			productName = HomeWork14;
			productReference = C7BD52FD2A92944F00EBF61C /* HomeWork14.app */;
			productType = "com.apple.product-type.application";
		};
/* End PBXNativeTarget section */

/* Begin PBXProject section */
		C7BD52F52A92944F00EBF61C /* Project object */ = {
			isa = PBXProject;
			attributes = {
				BuildIndependentTargetsInParallel = 1;
				LastSwiftUpdateCheck = 1420;
				LastUpgradeCheck = 1420;
				TargetAttributes = {
					C7BD52FC2A92944F00EBF61C = {
						CreatedOnToolsVersion = 14.2;
					};
				};
			};
			buildConfigurationList = C7BD52F82A92944F00EBF61C /* Build configuration list for PBXProject "HomeWork14" */;
			compatibilityVersion = "Xcode 14.0";
			developmentRegion = en;
			hasScannedForEncodings = 0;
			knownRegions = (
				en,
				Base,
			);
			mainGroup = C7BD52F42A92944F00EBF61C;
			productRefGroup = C7BD52FE2A92944F00EBF61C /* Products */;
			projectDirPath = "";
			projectRoot = "";
			targets = (
				C7BD52FC2A92944F00EBF61C /* HomeWork14 */,
			);
		};
/* End PBXProject section */

/* Begin PBXResourcesBuildPhase section */
		C7BD52FB2A92944F00EBF61C /* Resources */ = {
			isa = PBXResourcesBuildPhase;
			buildActionMask = 2147483647;
			files = (
				C79684462A93E19F002DFFA8 /* ThirdVC.xib in Resources */,
				C7BD530D2A92945100EBF61C /* LaunchScreen.storyboard in Resources */,
				C796844C2A93ED23002DFFA8 /* SecondStoryboard.storyboard in Resources */,
				C7BD530A2A92945100EBF61C /* Assets.xcassets in Resources */,
				C7BD53082A92944F00EBF61C /* Main.storyboard in Resources */,
			);
			runOnlyForDeploymentPostprocessing = 0;
		};
/* End PBXResourcesBuildPhase section */

/* Begin PBXSourcesBuildPhase section */
		C7BD52F92A92944F00EBF61C /* Sources */ = {
			isa = PBXSourcesBuildPhase;
			buildActionMask = 2147483647;
			files = (
				C796844E2A93EDC8002DFFA8 /* FourthVC.swift in Sources */,
				C7BD53012A92944F00EBF61C /* AppDelegate.swift in Sources */,
				C7D1CCAC2A92A91400B2D49D /* FirstVC.swift in Sources */,
				C7D1CCAE2A92A92A00B2D49D /* SecondVC.swift in Sources */,
				C7BD53032A92944F00EBF61C /* SceneDelegate.swift in Sources */,
				C79684452A93E19F002DFFA8 /* ThirdVC.swift in Sources */,
			);
			runOnlyForDeploymentPostprocessing = 0;
		};
/* End PBXSourcesBuildPhase section */

/* Begin PBXVariantGroup section */
		C7BD53062A92944F00EBF61C /* Main.storyboard */ = {
			isa = PBXVariantGroup;
			children = (
				C7BD53072A92944F00EBF61C /* Base */,
			);
			name = Main.storyboard;
			sourceTree = "<group>";
		};
		C7BD530B2A92945100EBF61C /* LaunchScreen.storyboard */ = {
			isa = PBXVariantGroup;
			children = (
				C7BD530C2A92945100EBF61C /* Base */,
			);
			name = LaunchScreen.storyboard;
			sourceTree = "<group>";
		};
/* End PBXVariantGroup section */

/* Begin XCBuildConfiguration section */
		C7BD530F2A92945100EBF61C /* Debug */ = {
			isa = XCBuildConfiguration;
			buildSettings = {
				ALWAYS_SEARCH_USER_PATHS = NO;
				CLANG_ANALYZER_NONNULL = YES;
				CLANG_ANALYZER_NUMBER_OBJECT_CONVERSION = YES_AGGRESSIVE;
				CLANG_CXX_LANGUAGE_STANDARD = "gnu++20";
				CLANG_ENABLE_MODULES = YES;
				CLANG_ENABLE_OBJC_ARC = YES;
				CLANG_ENABLE_OBJC_WEAK = YES;
				CLANG_WARN_BLOCK_CAPTURE_AUTORELEASING = YES;
				CLANG_WARN_BOOL_CONVERSION = YES;
				CLANG_WARN_COMMA = YES;
				CLANG_WARN_CONSTANT_CONVERSION = YES;
				CLANG_WARN_DEPRECATED_OBJC_IMPLEMENTATIONS = YES;
				CLANG_WARN_DIRECT_OBJC_ISA_USAGE = YES_ERROR;
				CLANG_WARN_DOCUMENTATION_COMMENTS = YES;
				CLANG_WARN_EMPTY_BODY = YES;
				CLANG_WARN_ENUM_CONVERSION = YES;
				CLANG_WARN_INFINITE_RECURSION = YES;
				CLANG_WARN_INT_CONVERSION = YES;
				CLANG_WARN_NON_LITERAL_NULL_CONVERSION = YES;
				CLANG_WARN_OBJC_IMPLICIT_RETAIN_SELF = YES;
				CLANG_WARN_OBJC_LITERAL_CONVERSION = YES;
				CLANG_WARN_OBJC_ROOT_CLASS = YES_ERROR;
				CLANG_WARN_QUOTED_INCLUDE_IN_FRAMEWORK_HEADER = YES;
				CLANG_WARN_RANGE_LOOP_ANALYSIS = YES;
				CLANG_WARN_STRICT_PROTOTYPES = YES;
				CLANG_WARN_SUSPICIOUS_MOVE = YES;
				CLANG_WARN_UNGUARDED_AVAILABILITY = YES_AGGRESSIVE;
				CLANG_WARN_UNREACHABLE_CODE = YES;
				CLANG_WARN__DUPLICATE_METHOD_MATCH = YES;
				COPY_PHASE_STRIP = NO;
				DEBUG_INFORMATION_FORMAT = dwarf;
				ENABLE_STRICT_OBJC_MSGSEND = YES;
				ENABLE_TESTABILITY = YES;
				GCC_C_LANGUAGE_STANDARD = gnu11;
				GCC_DYNAMIC_NO_PIC = NO;
				GCC_NO_COMMON_BLOCKS = YES;
				GCC_OPTIMIZATION_LEVEL = 0;
				GCC_PREPROCESSOR_DEFINITIONS = (
					"DEBUG=1",
					"$(inherited)",
				);
				GCC_WARN_64_TO_32_BIT_CONVERSION = YES;
				GCC_WARN_ABOUT_RETURN_TYPE = YES_ERROR;
				GCC_WARN_UNDECLARED_SELECTOR = YES;
				GCC_WARN_UNINITIALIZED_AUTOS = YES_AGGRESSIVE;
				GCC_WARN_UNUSED_FUNCTION = YES;
				GCC_WARN_UNUSED_VARIABLE = YES;
				IPHONEOS_DEPLOYMENT_TARGET = 16.2;
				MTL_ENABLE_DEBUG_INFO = INCLUDE_SOURCE;
				MTL_FAST_MATH = YES;
				ONLY_ACTIVE_ARCH = YES;
				SDKROOT = iphoneos;
				SWIFT_ACTIVE_COMPILATION_CONDITIONS = DEBUG;
				SWIFT_OPTIMIZATION_LEVEL = "-Onone";
			};
			name = Debug;
		};
		C7BD53102A92945100EBF61C /* Release */ = {
			isa = XCBuildConfiguration;
			buildSettings = {
				ALWAYS_SEARCH_USER_PATHS = NO;
				CLANG_ANALYZER_NONNULL = YES;
				CLANG_ANALYZER_NUMBER_OBJECT_CONVERSION = YES_AGGRESSIVE;
				CLANG_CXX_LANGUAGE_STANDARD = "gnu++20";
				CLANG_ENABLE_MODULES = YES;
				CLANG_ENABLE_OBJC_ARC = YES;
				CLANG_ENABLE_OBJC_WEAK = YES;
				CLANG_WARN_BLOCK_CAPTURE_AUTORELEASING = YES;
				CLANG_WARN_BOOL_CONVERSION = YES;
				CLANG_WARN_COMMA = YES;
				CLANG_WARN_CONSTANT_CONVERSION = YES;
				CLANG_WARN_DEPRECATED_OBJC_IMPLEMENTATIONS = YES;
				CLANG_WARN_DIRECT_OBJC_ISA_USAGE = YES_ERROR;
				CLANG_WARN_DOCUMENTATION_COMMENTS = YES;
				CLANG_WARN_EMPTY_BODY = YES;
				CLANG_WARN_ENUM_CONVERSION = YES;
				CLANG_WARN_INFINITE_RECURSION = YES;
				CLANG_WARN_INT_CONVERSION = YES;
				CLANG_WARN_NON_LITERAL_NULL_CONVERSION = YES;
				CLANG_WARN_OBJC_IMPLICIT_RETAIN_SELF = YES;
				CLANG_WARN_OBJC_LITERAL_CONVERSION = YES;
				CLANG_WARN_OBJC_ROOT_CLASS = YES_ERROR;
				CLANG_WARN_QUOTED_INCLUDE_IN_FRAMEWORK_HEADER = YES;
				CLANG_WARN_RANGE_LOOP_ANALYSIS = YES;
				CLANG_WARN_STRICT_PROTOTYPES = YES;
				CLANG_WARN_SUSPICIOUS_MOVE = YES;
				CLANG_WARN_UNGUARDED_AVAILABILITY = YES_AGGRESSIVE;
				CLANG_WARN_UNREACHABLE_CODE = YES;
				CLANG_WARN__DUPLICATE_METHOD_MATCH = YES;
				COPY_PHASE_STRIP = NO;
				DEBUG_INFORMATION_FORMAT = "dwarf-with-dsym";
				ENABLE_NS_ASSERTIONS = NO;
				ENABLE_STRICT_OBJC_MSGSEND = YES;
				GCC_C_LANGUAGE_STANDARD = gnu11;
				GCC_NO_COMMON_BLOCKS = YES;
				GCC_WARN_64_TO_32_BIT_CONVERSION = YES;
				GCC_WARN_ABOUT_RETURN_TYPE = YES_ERROR;
				GCC_WARN_UNDECLARED_SELECTOR = YES;
				GCC_WARN_UNINITIALIZED_AUTOS = YES_AGGRESSIVE;
				GCC_WARN_UNUSED_FUNCTION = YES;
				GCC_WARN_UNUSED_VARIABLE = YES;
				IPHONEOS_DEPLOYMENT_TARGET = 16.2;
				MTL_ENABLE_DEBUG_INFO = NO;
				MTL_FAST_MATH = YES;
				SDKROOT = iphoneos;
				SWIFT_COMPILATION_MODE = wholemodule;
				SWIFT_OPTIMIZATION_LEVEL = "-O";
				VALIDATE_PRODUCT = YES;
			};
			name = Release;
		};
		C7BD53122A92945100EBF61C /* Debug */ = {
			isa = XCBuildConfiguration;
			buildSettings = {
				ASSETCATALOG_COMPILER_APPICON_NAME = AppIcon;
				ASSETCATALOG_COMPILER_GLOBAL_ACCENT_COLOR_NAME = AccentColor;
				CODE_SIGN_STYLE = Automatic;
				CURRENT_PROJECT_VERSION = 1;
				DEVELOPMENT_TEAM = 3M52ZV2NZ3;
				GENERATE_INFOPLIST_FILE = YES;
				INFOPLIST_FILE = HomeWork14/Info.plist;
				INFOPLIST_KEY_UIApplicationSupportsIndirectInputEvents = YES;
				INFOPLIST_KEY_UILaunchStoryboardName = LaunchScreen;
				INFOPLIST_KEY_UIMainStoryboardFile = Main;
				INFOPLIST_KEY_UISupportedInterfaceOrientations_iPad = "UIInterfaceOrientationPortrait UIInterfaceOrientationPortraitUpsideDown UIInterfaceOrientationLandscapeLeft UIInterfaceOrientationLandscapeRight";
				INFOPLIST_KEY_UISupportedInterfaceOrientations_iPhone = "UIInterfaceOrientationPortrait UIInterfaceOrientationLandscapeLeft UIInterfaceOrientationLandscapeRight";
				LD_RUNPATH_SEARCH_PATHS = (
					"$(inherited)",
					"@executable_path/Frameworks",
				);
				MARKETING_VERSION = 1.0;
				PRODUCT_BUNDLE_IDENTIFIER = hhh.HomeWork14;
				PRODUCT_NAME = "$(TARGET_NAME)";
				SUPPORTED_PLATFORMS = "iphoneos iphonesimulator";
				SUPPORTS_MACCATALYST = NO;
				SUPPORTS_MAC_DESIGNED_FOR_IPHONE_IPAD = NO;
				SWIFT_EMIT_LOC_STRINGS = YES;
				SWIFT_VERSION = 5.0;
				TARGETED_DEVICE_FAMILY = 1;
			};
			name = Debug;
		};
		C7BD53132A92945100EBF61C /* Release */ = {
			isa = XCBuildConfiguration;
			buildSettings = {
				ASSETCATALOG_COMPILER_APPICON_NAME = AppIcon;
				ASSETCATALOG_COMPILER_GLOBAL_ACCENT_COLOR_NAME = AccentColor;
				CODE_SIGN_STYLE = Automatic;
				CURRENT_PROJECT_VERSION = 1;
				DEVELOPMENT_TEAM = 3M52ZV2NZ3;
				GENERATE_INFOPLIST_FILE = YES;
				INFOPLIST_FILE = HomeWork14/Info.plist;
				INFOPLIST_KEY_UIApplicationSupportsIndirectInputEvents = YES;
				INFOPLIST_KEY_UILaunchStoryboardName = LaunchScreen;
				INFOPLIST_KEY_UIMainStoryboardFile = Main;
				INFOPLIST_KEY_UISupportedInterfaceOrientations_iPad = "UIInterfaceOrientationPortrait UIInterfaceOrientationPortraitUpsideDown UIInterfaceOrientationLandscapeLeft UIInterfaceOrientationLandscapeRight";
				INFOPLIST_KEY_UISupportedInterfaceOrientations_iPhone = "UIInterfaceOrientationPortrait UIInterfaceOrientationLandscapeLeft UIInterfaceOrientationLandscapeRight";
				LD_RUNPATH_SEARCH_PATHS = (
					"$(inherited)",
					"@executable_path/Frameworks",
				);
				MARKETING_VERSION = 1.0;
				PRODUCT_BUNDLE_IDENTIFIER = hhh.HomeWork14;
				PRODUCT_NAME = "$(TARGET_NAME)";
				SUPPORTED_PLATFORMS = "iphoneos iphonesimulator";
				SUPPORTS_MACCATALYST = NO;
				SUPPORTS_MAC_DESIGNED_FOR_IPHONE_IPAD = NO;
				SWIFT_EMIT_LOC_STRINGS = YES;
				SWIFT_VERSION = 5.0;
				TARGETED_DEVICE_FAMILY = 1;
			};
			name = Release;
		};
/* End XCBuildConfiguration section */

/* Begin XCConfigurationList section */
		C7BD52F82A92944F00EBF61C /* Build configuration list for PBXProject "HomeWork14" */ = {
			isa = XCConfigurationList;
			buildConfigurations = (
				C7BD530F2A92945100EBF61C /* Debug */,
				C7BD53102A92945100EBF61C /* Release */,
			);
			defaultConfigurationIsVisible = 0;
			defaultConfigurationName = Release;
		};
		C7BD53112A92945100EBF61C /* Build configuration list for PBXNativeTarget "HomeWork14" */ = {
			isa = XCConfigurationList;
			buildConfigurations = (
				C7BD53122A92945100EBF61C /* Debug */,
				C7BD53132A92945100EBF61C /* Release */,
			);
			defaultConfigurationIsVisible = 0;
			defaultConfigurationName = Release;
		};
/* End XCConfigurationList section */
	};
	rootObject = C7BD52F52A92944F00EBF61C /* Project object */;
}
